
Microsoft Visual Studio Solution File, Format Version 12.00
# Visual Studio Version 17
VisualStudioVersion = 17.8.34316.72
MinimumVisualStudioVersion = 10.0.40219.1
Project("{9A19103F-16F7-4668-BE54-9A1E7A4F7556}") = "LR1Example", "LR1Example\LR1Example.csproj", "{2735CCF5-4D77-43D7-9F65-3BDB1EF5A074}"
EndProject
Project("{FAE04EC0-301F-11D3-BF4B-00C04F79EFBC}") = "ConsoleApp1", "ConsoleApp1\ConsoleApp1.csproj", "{C38EFADE-186B-4C27-9584-2875C330655E}"
EndProject
Global
	GlobalSection(SolutionConfigurationPlatforms) = preSolution
		Debug|Any CPU = Debug|Any CPU
		Release|Any CPU = Release|Any CPU
	EndGlobalSection
	GlobalSection(ProjectConfigurationPlatforms) = postSolution
		{2735CCF5-4D77-43D7-9F65-3BDB1EF5A074}.Debug|Any CPU.ActiveCfg = Debug|Any CPU
		{2735CCF5-4D77-43D7-9F65-3BDB1EF5A074}.Debug|Any CPU.Build.0 = Debug|Any CPU
		{2735CCF5-4D77-43D7-9F65-3BDB1EF5A074}.Release|Any CPU.ActiveCfg = Release|Any CPU
		{2735CCF5-4D77-43D7-9F65-3BDB1EF5A074}.Release|Any CPU.Build.0 = Release|Any CPU
		{C38EFADE-186B-4C27-9584-2875C330655E}.Debug|Any CPU.ActiveCfg = Debug|Any CPU
		{C38EFADE-186B-4C27-9584-2875C330655E}.Debug|Any CPU.Build.0 = Debug|Any CPU
		{C38EFADE-186B-4C27-9584-2875C330655E}.Release|Any CPU.ActiveCfg = Release|Any CPU
		{C38EFADE-186B-4C27-9584-2875C330655E}.Release|Any CPU.Build.0 = Release|Any CPU
	EndGlobalSection
	GlobalSection(SolutionProperties) = preSolution
		HideSolutionNode = FALSE
	EndGlobalSection
	GlobalSection(ExtensibilityGlobals) = postSolution
		SolutionGuid = {2CF04C17-DB23-49EC-AE69-1E43A2C6E740}
	EndGlobalSection
EndGlobal
