
Microsoft Visual Studio Solution File, Format Version 12.00
# Visual Studio Version 17
VisualStudioVersion = 17.9.34728.123
MinimumVisualStudioVersion = 10.0.40219.1
Project("{FAE04EC0-301F-11D3-BF4B-00C04F79EFBC}") = "Complex", "Complex\Complex.csproj", "{7233489C-0ED1-4283-B656-C08398B349BB}"
EndProject
Global
	GlobalSection(SolutionConfigurationPlatforms) = preSolution
		Debug|Any CPU = Debug|Any CPU
		Release|Any CPU = Release|Any CPU
	EndGlobalSection
	GlobalSection(ProjectConfigurationPlatforms) = postSolution
		{7233489C-0ED1-4283-B656-C08398B349BB}.Debug|Any CPU.ActiveCfg = Debug|Any CPU
		{7233489C-0ED1-4283-B656-C08398B349BB}.Debug|Any CPU.Build.0 = Debug|Any CPU
		{7233489C-0ED1-4283-B656-C08398B349BB}.Release|Any CPU.ActiveCfg = Release|Any CPU
		{7233489C-0ED1-4283-B656-C08398B349BB}.Release|Any CPU.Build.0 = Release|Any CPU
	EndGlobalSection
	GlobalSection(SolutionProperties) = preSolution
		HideSolutionNode = FALSE
	EndGlobalSection
	GlobalSection(ExtensibilityGlobals) = postSolution
		SolutionGuid = {7439F504-F54D-421D-855A-5AC1B5AB910E}
	EndGlobalSection
EndGlobal
