
Microsoft Visual Studio Solution File, Format Version 12.00
# Visual Studio Version 17
VisualStudioVersion = 17.8.34330.188
MinimumVisualStudioVersion = 10.0.40219.1
Project("{FAE04EC0-301F-11D3-BF4B-00C04F79EFBC}") = "HelloApp", "HelloApp\HelloApp.csproj", "{C3879658-1538-453E-838E-0A6BDD665575}"
EndProject
Project("{FAE04EC0-301F-11D3-BF4B-00C04F79EFBC}") = "MyLib", "MyLib\MyLib.csproj", "{BBD56737-FC1C-4DFF-B740-9FACECED25C8}"
EndProject
Global
	GlobalSection(SolutionConfigurationPlatforms) = preSolution
		Debug|Any CPU = Debug|Any CPU
		Release|Any CPU = Release|Any CPU
	EndGlobalSection
	GlobalSection(ProjectConfigurationPlatforms) = postSolution
		{C3879658-1538-453E-838E-0A6BDD665575}.Debug|Any CPU.ActiveCfg = Debug|Any CPU
		{C3879658-1538-453E-838E-0A6BDD665575}.Debug|Any CPU.Build.0 = Debug|Any CPU
		{C3879658-1538-453E-838E-0A6BDD665575}.Release|Any CPU.ActiveCfg = Release|Any CPU
		{C3879658-1538-453E-838E-0A6BDD665575}.Release|Any CPU.Build.0 = Release|Any CPU
		{BBD56737-FC1C-4DFF-B740-9FACECED25C8}.Debug|Any CPU.ActiveCfg = Debug|Any CPU
		{BBD56737-FC1C-4DFF-B740-9FACECED25C8}.Debug|Any CPU.Build.0 = Debug|Any CPU
		{BBD56737-FC1C-4DFF-B740-9FACECED25C8}.Release|Any CPU.ActiveCfg = Release|Any CPU
		{BBD56737-FC1C-4DFF-B740-9FACECED25C8}.Release|Any CPU.Build.0 = Release|Any CPU
	EndGlobalSection
	GlobalSection(SolutionProperties) = preSolution
		HideSolutionNode = FALSE
	EndGlobalSection
	GlobalSection(ExtensibilityGlobals) = postSolution
		SolutionGuid = {F2A2524A-726F-4517-B576-E4A6C04405E8}
	EndGlobalSection
EndGlobal
